
Microsoft Visual Studio Solution File, Format Version 12.00
# Visual Studio Version 17
VisualStudioVersion = 17.9.34616.47
MinimumVisualStudioVersion = 10.0.40219.1
Project("{FAE04EC0-301F-11D3-BF4B-00C04F79EFBC}") = "gagFIS-Interfase", "gagFIS-Interfase\gagFIS-Interfase.csproj", "{3CB26017-CBFC-48DC-8ACB-70C38F7C6FC3}"
EndProject
Project("{2150E333-8FDC-42A3-9474-1A3956D46DE8}") = "Solution Items", "Solution Items", "{881819CB-FCEA-4F2E-8414-08B2E04AA7A9}"
EndProject
Project("{54435603-DBB4-11D2-8724-00A0C9A8B90C}") = "instalador gagFIS-Interfase", "instalador gagFIS-Interfase\instalador gagFIS-Interfase.vdproj", "{28ED7E30-786B-44C1-9A4A-8F635CBA23C9}"
EndProject
Global
	GlobalSection(SolutionConfigurationPlatforms) = preSolution
		Debug|Any CPU = Debug|Any CPU
		Debug|x86 = Debug|x86
		Release|Any CPU = Release|Any CPU
		Release|x86 = Release|x86
	EndGlobalSection
	GlobalSection(ProjectConfigurationPlatforms) = postSolution
		{3CB26017-CBFC-48DC-8ACB-70C38F7C6FC3}.Debug|Any CPU.ActiveCfg = Debug|Any CPU
		{3CB26017-CBFC-48DC-8ACB-70C38F7C6FC3}.Debug|Any CPU.Build.0 = Debug|Any CPU
		{3CB26017-CBFC-48DC-8ACB-70C38F7C6FC3}.Debug|x86.ActiveCfg = Debug|Any CPU
		{3CB26017-CBFC-48DC-8ACB-70C38F7C6FC3}.Debug|x86.Build.0 = Debug|Any CPU
		{3CB26017-CBFC-48DC-8ACB-70C38F7C6FC3}.Release|Any CPU.ActiveCfg = Release|Any CPU
		{3CB26017-CBFC-48DC-8ACB-70C38F7C6FC3}.Release|Any CPU.Build.0 = Release|Any CPU
		{3CB26017-CBFC-48DC-8ACB-70C38F7C6FC3}.Release|x86.ActiveCfg = Release|Any CPU
		{3CB26017-CBFC-48DC-8ACB-70C38F7C6FC3}.Release|x86.Build.0 = Release|Any CPU
		{28ED7E30-786B-44C1-9A4A-8F635CBA23C9}.Debug|Any CPU.ActiveCfg = Release
		{28ED7E30-786B-44C1-9A4A-8F635CBA23C9}.Debug|x86.ActiveCfg = Debug
		{28ED7E30-786B-44C1-9A4A-8F635CBA23C9}.Release|Any CPU.ActiveCfg = Release
		{28ED7E30-786B-44C1-9A4A-8F635CBA23C9}.Release|x86.ActiveCfg = Release
	EndGlobalSection
	GlobalSection(SolutionProperties) = preSolution
		HideSolutionNode = FALSE
	EndGlobalSection
	GlobalSection(ExtensibilityGlobals) = postSolution
		SolutionGuid = {12CBCB2A-C83F-44AB-94B0-CC92D8F651D7}
	EndGlobalSection
EndGlobal
